
Microsoft Visual Studio Solution File, Format Version 12.00
# Visual Studio Version 17
VisualStudioVersion = 17.0.32112.339
MinimumVisualStudioVersion = 10.0.40219.1
Project("{FAE04EC0-301F-11D3-BF4B-00C04F79EFBC}") = "Produtos", "Produtos\Produtos.csproj", "{4F41224F-9BDD-4DEB-812B-D577013C559A}"
EndProject
Global
	GlobalSection(SolutionConfigurationPlatforms) = preSolution
		Debug|Any CPU = Debug|Any CPU
		Release|Any CPU = Release|Any CPU
	EndGlobalSection
	GlobalSection(ProjectConfigurationPlatforms) = postSolution
		{4F41224F-9BDD-4DEB-812B-D577013C559A}.Debug|Any CPU.ActiveCfg = Debug|Any CPU
		{4F41224F-9BDD-4DEB-812B-D577013C559A}.Debug|Any CPU.Build.0 = Debug|Any CPU
		{4F41224F-9BDD-4DEB-812B-D577013C559A}.Release|Any CPU.ActiveCfg = Release|Any CPU
		{4F41224F-9BDD-4DEB-812B-D577013C559A}.Release|Any CPU.Build.0 = Release|Any CPU
	EndGlobalSection
	GlobalSection(SolutionProperties) = preSolution
		HideSolutionNode = FALSE
	EndGlobalSection
	GlobalSection(ExtensibilityGlobals) = postSolution
		SolutionGuid = {7F325579-129E-4CAA-B98C-FF1E1197D914}
	EndGlobalSection
EndGlobal
